{
  "originHash" : "4b9e200c265dbd066b1d4feb5c82a233cca2906a35a9e1cc2f8ea4327a2bb0d1",
  "pins" : [
    {
      "identity" : "bagbutik-binary",
      "kind" : "remoteSourceControl",
      "location" : "https://github.com/MortenGregersen/Bagbutik-Binary",
      "state" : {
        "revision" : "6817518754d53aeec71989bd95b8e6f6569ffd77",
        "version" : "24.0.2"
      }
    },
    {
      "identity" : "certificatesigningrequest",
      "kind" : "remoteSourceControl",
      "location" : "https://github.com/cbaker6/CertificateSigningRequest",
      "state" : {
        "revision" : "457627f8ff57a721851ee14cc552d529c37c8329",
        "version" : "1.30.0"
      }
    }
  ],
  "version" : 3
}
