{
  "originHash" : "498273765bcbd19b8eaf2044516d6324621b050c6697aa78c541fec77555ee56",
  "pins" : [
    {
      "identity" : "bagbutik-binary",
      "kind" : "remoteSourceControl",
      "location" : "https://github.com/MortenGregersen/Bagbutik-Binary",
      "state" : {
        "revision" : "58b8b6fd6d63eb4809d85181e7c3b0d434dbd73c",
        "version" : "24.0.0-pre5"
      }
    },
    {
      "identity" : "certificatesigningrequest",
      "kind" : "remoteSourceControl",
      "location" : "https://github.com/cbaker6/CertificateSigningRequest",
      "state" : {
        "revision" : "457627f8ff57a721851ee14cc552d529c37c8329",
        "version" : "1.30.0"
      }
    }
  ],
  "version" : 3
}
