{
  "originHash" : "5d614152251b85fda8a670bb9515a826810e1f1f87a73071536c71a65ccde5a1",
  "pins" : [
    {
      "identity" : "bagbutik-binary",
      "kind" : "remoteSourceControl",
      "location" : "https://github.com/MortenGregersen/Bagbutik-Binary",
      "state" : {
        "revision" : "ed4ebc04be368e2f229000c93eddd19d1c84e511",
        "version" : "24.0.0-pre3"
      }
    },
    {
      "identity" : "certificatesigningrequest",
      "kind" : "remoteSourceControl",
      "location" : "https://github.com/cbaker6/CertificateSigningRequest",
      "state" : {
        "revision" : "457627f8ff57a721851ee14cc552d529c37c8329",
        "version" : "1.30.0"
      }
    }
  ],
  "version" : 3
}
